// !$*UTF8*$!
{
	archiveVersion = 1;
	classes = {
	};
	objectVersion = 48;
	objects = {

/* Begin PBXBuildFile section */
		2D0427882055179C00C09024 /* AppDelegate.swift in Sources */ = {isa = PBXBuildFile; fileRef = 2D0427872055179C00C09024 /* AppDelegate.swift */; };
		2D04278A2055179C00C09024 /* ViewController.swift in Sources */ = {isa = PBXBuildFile; fileRef = 2D0427892055179C00C09024 /* ViewController.swift */; };
		2D04278D2055179C00C09024 /* Main.storyboard in Resources */ = {isa = PBXBuildFile; fileRef = 2D04278B2055179C00C09024 /* Main.storyboard */; };
		2D04278F2055179C00C09024 /* Assets.xcassets in Resources */ = {isa = PBXBuildFile; fileRef = 2D04278E2055179C00C09024 /* Assets.xcassets */; };
		2D0427922055179C00C09024 /* LaunchScreen.storyboard in Resources */ = {isa = PBXBuildFile; fileRef = 2D0427902055179C00C09024 /* LaunchScreen.storyboard */; };
		2D426BD5205534FE00A1CA8A /* ChooseSideController.swift in Sources */ = {isa = PBXBuildFile; fileRef = 2D426BD4205534FE00A1CA8A /* ChooseSideController.swift */; };
		2D426BD7205539B600A1CA8A /* ChooseSaberController.swift in Sources */ = {isa = PBXBuildFile; fileRef = 2D426BD6205539B600A1CA8A /* ChooseSaberController.swift */; };
/* End PBXBuildFile section */

/* Begin PBXFileReference section */
		2D0427842055179C00C09024 /* The Force.app */ = {isa = PBXFileReference; explicitFileType = wrapper.application; includeInIndex = 0; path = "The Force.app"; sourceTree = BUILT_PRODUCTS_DIR; };
		2D0427872055179C00C09024 /* AppDelegate.swift */ = {isa = PBXFileReference; lastKnownFileType = sourcecode.swift; path = AppDelegate.swift; sourceTree = "<group>"; };
		2D0427892055179C00C09024 /* ViewController.swift */ = {isa = PBXFileReference; lastKnownFileType = sourcecode.swift; path = ViewController.swift; sourceTree = "<group>"; };
		2D04278C2055179C00C09024 /* Base */ = {isa = PBXFileReference; lastKnownFileType = file.storyboard; name = Base; path = Base.lproj/Main.storyboard; sourceTree = "<group>"; };
		2D04278E2055179C00C09024 /* Assets.xcassets */ = {isa = PBXFileReference; lastKnownFileType = folder.assetcatalog; path = Assets.xcassets; sourceTree = "<group>"; };
		2D0427912055179C00C09024 /* Base */ = {isa = PBXFileReference; lastKnownFileType = file.storyboard; name = Base; path = Base.lproj/LaunchScreen.storyboard; sourceTree = "<group>"; };
		2D0427932055179C00C09024 /* Info.plist */ = {isa = PBXFileReference; lastKnownFileType = text.plist.xml; path = Info.plist; sourceTree = "<group>"; };
		2D426BD4205534FE00A1CA8A /* ChooseSideController.swift */ = {isa = PBXFileReference; lastKnownFileType = sourcecode.swift; path = ChooseSideController.swift; sourceTree = "<group>"; };
		2D426BD6205539B600A1CA8A /* ChooseSaberController.swift */ = {isa = PBXFileReference; lastKnownFileType = sourcecode.swift; path = ChooseSaberController.swift; sourceTree = "<group>"; };
/* End PBXFileReference section */

/* Begin PBXFrameworksBuildPhase section */
		2D0427812055179C00C09024 /* Frameworks */ = {
			isa = PBXFrameworksBuildPhase;
			buildActionMask = 2147483647;
			files = (
			);
			runOnlyForDeploymentPostprocessing = 0;
		};
/* End PBXFrameworksBuildPhase section */

/* Begin PBXGroup section */
		2D04277B2055179C00C09024 = {
			isa = PBXGroup;
			children = (
				2D0427862055179C00C09024 /* The Force */,
				2D0427852055179C00C09024 /* Products */,
			);
			sourceTree = "<group>";
		};
		2D0427852055179C00C09024 /* Products */ = {
			isa = PBXGroup;
			children = (
				2D0427842055179C00C09024 /* The Force.app */,
			);
			name = Products;
			sourceTree = "<group>";
		};
		2D0427862055179C00C09024 /* The Force */ = {
			isa = PBXGroup;
			children = (
				2D426BCF205530F700A1CA8A /* Controller */,
				2D426BCE205530EC00A1CA8A /* View */,
				2D426BD12055313A00A1CA8A /* Supporting Files */,
				2D0427932055179C00C09024 /* Info.plist */,
			);
			path = "The Force";
			sourceTree = "<group>";
		};
		2D426BCE205530EC00A1CA8A /* View */ = {
			isa = PBXGroup;
			children = (
				2D04278B2055179C00C09024 /* Main.storyboard */,
				2D0427902055179C00C09024 /* LaunchScreen.storyboard */,
			);
			path = View;
			sourceTree = "<group>";
		};
		2D426BCF205530F700A1CA8A /* Controller */ = {
			isa = PBXGroup;
			children = (
				2D0427892055179C00C09024 /* ViewController.swift */,
				2D426BD4205534FE00A1CA8A /* ChooseSideController.swift */,
				2D426BD6205539B600A1CA8A /* ChooseSaberController.swift */,
			);
			path = Controller;
			sourceTree = "<group>";
		};
		2D426BD12055313A00A1CA8A /* Supporting Files */ = {
			isa = PBXGroup;
			children = (
				2D0427872055179C00C09024 /* AppDelegate.swift */,
				2D04278E2055179C00C09024 /* Assets.xcassets */,
			);
			path = "Supporting Files";
			sourceTree = "<group>";
		};
/* End PBXGroup section */

/* Begin PBXNativeTarget section */
		2D0427832055179C00C09024 /* The Force */ = {
			isa = PBXNativeTarget;
			buildConfigurationList = 2D0427962055179C00C09024 /* Build configuration list for PBXNativeTarget "The Force" */;
			buildPhases = (
				2D0427802055179C00C09024 /* Sources */,
				2D0427812055179C00C09024 /* Frameworks */,
				2D0427822055179C00C09024 /* Resources */,
			);
			buildRules = (
			);
			dependencies = (
			);
			name = "The Force";
			productName = "The Force";
			productReference = 2D0427842055179C00C09024 /* The Force.app */;
			productType = "com.apple.product-type.application";
		};
/* End PBXNativeTarget section */

/* Begin PBXProject section */
		2D04277C2055179C00C09024 /* Project object */ = {
			isa = PBXProject;
			attributes = {
				LastSwiftUpdateCheck = 0920;
				LastUpgradeCheck = 0920;
				ORGANIZATIONNAME = "Oz Arie Tal Shachar";
				TargetAttributes = {
					2D0427832055179C00C09024 = {
						CreatedOnToolsVersion = 9.2;
						ProvisioningStyle = Automatic;
					};
				};
			};
			buildConfigurationList = 2D04277F2055179C00C09024 /* Build configuration list for PBXProject "The Force" */;
			compatibilityVersion = "Xcode 8.0";
			developmentRegion = en;
			hasScannedForEncodings = 0;
			knownRegions = (
				en,
				Base,
			);
			mainGroup = 2D04277B2055179C00C09024;
			productRefGroup = 2D0427852055179C00C09024 /* Products */;
			projectDirPath = "";
			projectRoot = "";
			targets = (
				2D0427832055179C00C09024 /* The Force */,
			);
		};
/* End PBXProject section */

/* Begin PBXResourcesBuildPhase section */
		2D0427822055179C00C09024 /* Resources */ = {
			isa = PBXResourcesBuildPhase;
			buildActionMask = 2147483647;
			files = (
				2D0427922055179C00C09024 /* LaunchScreen.storyboard in Resources */,
				2D04278F2055179C00C09024 /* Assets.xcassets in Resources */,
				2D04278D2055179C00C09024 /* Main.storyboard in Resources */,
			);
			runOnlyForDeploymentPostprocessing = 0;
		};
/* End PBXResourcesBuildPhase section */

/* Begin PBXSourcesBuildPhase section */
		2D0427802055179C00C09024 /* Sources */ = {
			isa = PBXSourcesBuildPhase;
			buildActionMask = 2147483647;
			files = (
				2D426BD7205539B600A1CA8A /* ChooseSaberController.swift in Sources */,
				2D04278A2055179C00C09024 /* ViewController.swift in Sources */,
				2D0427882055179C00C09024 /* AppDelegate.swift in Sources */,
				2D426BD5205534FE00A1CA8A /* ChooseSideController.swift in Sources */,
			);
			runOnlyForDeploymentPostprocessing = 0;
		};
/* End PBXSourcesBuildPhase section */

/* Begin PBXVariantGroup section */
		2D04278B2055179C00C09024 /* Main.storyboard */ = {
			isa = PBXVariantGroup;
			children = (
				2D04278C2055179C00C09024 /* Base */,
			);
			name = Main.storyboard;
			sourceTree = "<group>";
		};
		2D0427902055179C00C09024 /* LaunchScreen.storyboard */ = {
			isa = PBXVariantGroup;
			children = (
				2D0427912055179C00C09024 /* Base */,
			);
			name = LaunchScreen.storyboard;
			sourceTree = "<group>";
		};
/* End PBXVariantGroup section */

/* Begin XCBuildConfiguration section */
		2D0427942055179C00C09024 /* Debug */ = {
			isa = XCBuildConfiguration;
			buildSettings = {
				ALWAYS_SEARCH_USER_PATHS = NO;
				CLANG_ANALYZER_NONNULL = YES;
				CLANG_ANALYZER_NUMBER_OBJECT_CONVERSION = YES_AGGRESSIVE;
				CLANG_CXX_LANGUAGE_STANDARD = "gnu++14";
				CLANG_CXX_LIBRARY = "libc++";
				CLANG_ENABLE_MODULES = YES;
				CLANG_ENABLE_OBJC_ARC = YES;
				CLANG_WARN_BLOCK_CAPTURE_AUTORELEASING = YES;
				CLANG_WARN_BOOL_CONVERSION = YES;
				CLANG_WARN_COMMA = YES;
				CLANG_WARN_CONSTANT_CONVERSION = YES;
				CLANG_WARN_DIRECT_OBJC_ISA_USAGE = YES_ERROR;
				CLANG_WARN_DOCUMENTATION_COMMENTS = YES;
				CLANG_WARN_EMPTY_BODY = YES;
				CLANG_WARN_ENUM_CONVERSION = YES;
				CLANG_WARN_INFINITE_RECURSION = YES;
				CLANG_WARN_INT_CONVERSION = YES;
				CLANG_WARN_NON_LITERAL_NULL_CONVERSION = YES;
				CLANG_WARN_OBJC_LITERAL_CONVERSION = YES;
				CLANG_WARN_OBJC_ROOT_CLASS = YES_ERROR;
				CLANG_WARN_RANGE_LOOP_ANALYSIS = YES;
				CLANG_WARN_STRICT_PROTOTYPES = YES;
				CLANG_WARN_SUSPICIOUS_MOVE = YES;
				CLANG_WARN_UNGUARDED_AVAILABILITY = YES_AGGRESSIVE;
				CLANG_WARN_UNREACHABLE_CODE = YES;
				CLANG_WARN__DUPLICATE_METHOD_MATCH = YES;
				CODE_SIGN_IDENTITY = "iPhone Developer";
				COPY_PHASE_STRIP = NO;
				DEBUG_INFORMATION_FORMAT = dwarf;
				ENABLE_STRICT_OBJC_MSGSEND = YES;
				ENABLE_TESTABILITY = YES;
				GCC_C_LANGUAGE_STANDARD = gnu11;
				GCC_DYNAMIC_NO_PIC = NO;
				GCC_NO_COMMON_BLOCKS = YES;
				GCC_OPTIMIZATION_LEVEL = 0;
				GCC_PREPROCESSOR_DEFINITIONS = (
					"DEBUG=1",
					"$(inherited)",
				);
				GCC_WARN_64_TO_32_BIT_CONVERSION = YES;
				GCC_WARN_ABOUT_RETURN_TYPE = YES_ERROR;
				GCC_WARN_UNDECLARED_SELECTOR = YES;
				GCC_WARN_UNINITIALIZED_AUTOS = YES_AGGRESSIVE;
				GCC_WARN_UNUSED_FUNCTION = YES;
				GCC_WARN_UNUSED_VARIABLE = YES;
				IPHONEOS_DEPLOYMENT_TARGET = 11.2;
				MTL_ENABLE_DEBUG_INFO = YES;
				ONLY_ACTIVE_ARCH = YES;
				SDKROOT = iphoneos;
				SWIFT_ACTIVE_COMPILATION_CONDITIONS = DEBUG;
				SWIFT_OPTIMIZATION_LEVEL = "-Onone";
			};
			name = Debug;
		};
		2D0427952055179C00C09024 /* Release */ = {
			isa = XCBuildConfiguration;
			buildSettings = {
				ALWAYS_SEARCH_USER_PATHS = NO;
				CLANG_ANALYZER_NONNULL = YES;
				CLANG_ANALYZER_NUMBER_OBJECT_CONVERSION = YES_AGGRESSIVE;
				CLANG_CXX_LANGUAGE_STANDARD = "gnu++14";
				CLANG_CXX_LIBRARY = "libc++";
				CLANG_ENABLE_MODULES = YES;
				CLANG_ENABLE_OBJC_ARC = YES;
				CLANG_WARN_BLOCK_CAPTURE_AUTORELEASING = YES;
				CLANG_WARN_BOOL_CONVERSION = YES;
				CLANG_WARN_COMMA = YES;
				CLANG_WARN_CONSTANT_CONVERSION = YES;
				CLANG_WARN_DIRECT_OBJC_ISA_USAGE = YES_ERROR;
				CLANG_WARN_DOCUMENTATION_COMMENTS = YES;
				CLANG_WARN_EMPTY_BODY = YES;
				CLANG_WARN_ENUM_CONVERSION = YES;
				CLANG_WARN_INFINITE_RECURSION = YES;
				CLANG_WARN_INT_CONVERSION = YES;
				CLANG_WARN_NON_LITERAL_NULL_CONVERSION = YES;
				CLANG_WARN_OBJC_LITERAL_CONVERSION = YES;
				CLANG_WARN_OBJC_ROOT_CLASS = YES_ERROR;
				CLANG_WARN_RANGE_LOOP_ANALYSIS = YES;
				CLANG_WARN_STRICT_PROTOTYPES = YES;
				CLANG_WARN_SUSPICIOUS_MOVE = YES;
				CLANG_WARN_UNGUARDED_AVAILABILITY = YES_AGGRESSIVE;
				CLANG_WARN_UNREACHABLE_CODE = YES;
				CLANG_WARN__DUPLICATE_METHOD_MATCH = YES;
				CODE_SIGN_IDENTITY = "iPhone Developer";
				COPY_PHASE_STRIP = NO;
				DEBUG_INFORMATION_FORMAT = "dwarf-with-dsym";
				ENABLE_NS_ASSERTIONS = NO;
				ENABLE_STRICT_OBJC_MSGSEND = YES;
				GCC_C_LANGUAGE_STANDARD = gnu11;
				GCC_NO_COMMON_BLOCKS = YES;
				GCC_WARN_64_TO_32_BIT_CONVERSION = YES;
				GCC_WARN_ABOUT_RETURN_TYPE = YES_ERROR;
				GCC_WARN_UNDECLARED_SELECTOR = YES;
				GCC_WARN_UNINITIALIZED_AUTOS = YES_AGGRESSIVE;
				GCC_WARN_UNUSED_FUNCTION = YES;
				GCC_WARN_UNUSED_VARIABLE = YES;
				IPHONEOS_DEPLOYMENT_TARGET = 11.2;
				MTL_ENABLE_DEBUG_INFO = NO;
				SDKROOT = iphoneos;
				SWIFT_OPTIMIZATION_LEVEL = "-Owholemodule";
				VALIDATE_PRODUCT = YES;
			};
			name = Release;
		};
		2D0427972055179C00C09024 /* Debug */ = {
			isa = XCBuildConfiguration;
			buildSettings = {
				ASSETCATALOG_COMPILER_APPICON_NAME = AppIcon;
				CODE_SIGN_STYLE = Automatic;
				INFOPLIST_FILE = "The Force/Info.plist";
				IPHONEOS_DEPLOYMENT_TARGET = 11.2;
				LD_RUNPATH_SEARCH_PATHS = "$(inherited) @executable_path/Frameworks";
				PRODUCT_BUNDLE_IDENTIFIER = "com.oz.The-Force";
				PRODUCT_NAME = "$(TARGET_NAME)";
				SWIFT_VERSION = 4.0;
				TARGETED_DEVICE_FAMILY = 1;
			};
			name = Debug;
		};
		2D0427982055179C00C09024 /* Release */ = {
			isa = XCBuildConfiguration;
			buildSettings = {
				ASSETCATALOG_COMPILER_APPICON_NAME = AppIcon;
				CODE_SIGN_STYLE = Automatic;
				INFOPLIST_FILE = "The Force/Info.plist";
				IPHONEOS_DEPLOYMENT_TARGET = 11.2;
				LD_RUNPATH_SEARCH_PATHS = "$(inherited) @executable_path/Frameworks";
				PRODUCT_BUNDLE_IDENTIFIER = "com.oz.The-Force";
				PRODUCT_NAME = "$(TARGET_NAME)";
				SWIFT_VERSION = 4.0;
				TARGETED_DEVICE_FAMILY = 1;
			};
			name = Release;
		};
/* End XCBuildConfiguration section */

/* Begin XCConfigurationList section */
		2D04277F2055179C00C09024 /* Build configuration list for PBXProject "The Force" */ = {
			isa = XCConfigurationList;
			buildConfigurations = (
				2D0427942055179C00C09024 /* Debug */,
				2D0427952055179C00C09024 /* Release */,
			);
			defaultConfigurationIsVisible = 0;
			defaultConfigurationName = Release;
		};
		2D0427962055179C00C09024 /* Build configuration list for PBXNativeTarget "The Force" */ = {
			isa = XCConfigurationList;
			buildConfigurations = (
				2D0427972055179C00C09024 /* Debug */,
				2D0427982055179C00C09024 /* Release */,
			);
			defaultConfigurationIsVisible = 0;
			defaultConfigurationName = Release;
		};
/* End XCConfigurationList section */
	};
	rootObject = 2D04277C2055179C00C09024 /* Project object */;
}
